// !$*UTF8*$!
{
	archiveVersion = 1;
	classes = {
	};
	objectVersion = 77;
	objects = {

/* Begin PBXBuildFile section */
		0A85649C3597C6939DB5D5D3 /* Bundle+AppVersion.swift in Sources */ = {isa = PBXBuildFile; fileRef = 3974B02063F89F9F5C175790 /* Bundle+AppVersion.swift */; };
		0CE60117FD5132C0CCB463EB /* ConversationViewModel.swift in Sources */ = {isa = PBXBuildFile; fileRef = CD1F03BBB4FB76BF6B87DA22 /* ConversationViewModel.swift */; };
		1184410270497671BAEB66AC /* ConsentStoreTests.swift in Sources */ = {isa = PBXBuildFile; fileRef = ADDBA1585C2D4D373930158D /* ConsentStoreTests.swift */; };
		316F533FE8AE56F4506F06CE /* HistoryView.swift in Sources */ = {isa = PBXBuildFile; fileRef = 0F8F48A0DC551939B2A6647D /* HistoryView.swift */; };
		3AD8223A597C8F93E21D0033 /* LanguagePairCatalogTests.swift in Sources */ = {isa = PBXBuildFile; fileRef = 245CEACAE2F60DC33378153D /* LanguagePairCatalogTests.swift */; };
		4565D5741427F001D24C014B /* SpeechRecognitionService.swift in Sources */ = {isa = PBXBuildFile; fileRef = F0F18D9D51196CD222EEC18E /* SpeechRecognitionService.swift */; };
		47D5BDB089BF315A83C250DD /* LanguagePillView.swift in Sources */ = {isa = PBXBuildFile; fileRef = 589E4E569A17D61D2452373B /* LanguagePillView.swift */; };
		4A05398608881CF1B27BB7EE /* HistoryItem.swift in Sources */ = {isa = PBXBuildFile; fileRef = 65A41AFEF591F58CF4991F89 /* HistoryItem.swift */; };
		527E306465DBFAC7C277A5BF /* CharlesTranslatorApp.swift in Sources */ = {isa = PBXBuildFile; fileRef = 23854581CE8FA768087B25D1 /* CharlesTranslatorApp.swift */; };
		6440AD27F96D67BEEBF048CC /* TranslateView.swift in Sources */ = {isa = PBXBuildFile; fileRef = D1FAFCD48E2EC205D9944EFC /* TranslateView.swift */; };
		665F32BB302662C300CF335F /* Charles Translator Icon.icon in Resources */ = {isa = PBXBuildFile; fileRef = 665F32BA302662C300CF335F /* Charles Translator Icon.icon */; };
		6BB8F42166F06C45B9AB0F7D /* TranslationRequest.swift in Sources */ = {isa = PBXBuildFile; fileRef = C31501573918DB360CB2E8AF /* TranslationRequest.swift */; };
		833224E79ED800752EC427EA /* Mocks.swift in Sources */ = {isa = PBXBuildFile; fileRef = 5D08D5E70F177CB7E31AA121 /* Mocks.swift */; };
		8DEC6C13A76AAE3E5286D13F /* TextToSpeechService.swift in Sources */ = {isa = PBXBuildFile; fileRef = 5E3C96B6225233E62FBFAC92 /* TextToSpeechService.swift */; };
		8E004126978934B20770C2FA /* LiveTranslationAPIClient.swift in Sources */ = {isa = PBXBuildFile; fileRef = E38B2113192322382354079F /* LiveTranslationAPIClient.swift */; };
		91FA6A4F1A5D568F13077E7D /* Assets.xcassets in Resources */ = {isa = PBXBuildFile; fileRef = F51648D7003FF29335C2B9D7 /* Assets.xcassets */; };
		9272118CC00706901DF4EE94 /* RootView.swift in Sources */ = {isa = PBXBuildFile; fileRef = 5D2735C15E8F5AA37DD42F44 /* RootView.swift */; };
		9684BBB06C5C451497CE8BF6 /* LiveSpeechRecognitionService.swift in Sources */ = {isa = PBXBuildFile; fileRef = 87BC4F729EADE8FF22F5979C /* LiveSpeechRecognitionService.swift */; };
		96C264FC58D7118C60008A49 /* LanguagePairCatalog.swift in Sources */ = {isa = PBXBuildFile; fileRef = 2557A100E46F770D868E08BC /* LanguagePairCatalog.swift */; };
		97537606FC1E1D5B403DE1AE /* TranslateViewModel.swift in Sources */ = {isa = PBXBuildFile; fileRef = 647E3508D98F594BC7613250 /* TranslateViewModel.swift */; };
		99237964B8F0A14D2E085A8C /* ConsentStore.swift in Sources */ = {isa = PBXBuildFile; fileRef = 9EE68FA726D9318F22B189FC /* ConsentStore.swift */; };
		9C7E723328EC06671CEFEECA /* TranslationError.swift in Sources */ = {isa = PBXBuildFile; fileRef = F682F15F24A916E449AFEBC0 /* TranslationError.swift */; };
		9F0B6E0C55F8743C57CF7168 /* Colors.swift in Sources */ = {isa = PBXBuildFile; fileRef = 1EE4EFB9A40AF8F40ABA3FEB /* Colors.swift */; };
		AB6DB6392666BB68A408DA20 /* Localizable.xcstrings in Resources */ = {isa = PBXBuildFile; fileRef = 8C43705CC45FB64E5E1E7AD6 /* Localizable.xcstrings */; };
		ACF7B7D43922B77F20E5E770 /* SettingsView.swift in Sources */ = {isa = PBXBuildFile; fileRef = 0CC33168C90916B22600DED9 /* SettingsView.swift */; };
		BAFB0262FBA116F26D753B9F /* TranslationAPIClientTests.swift in Sources */ = {isa = PBXBuildFile; fileRef = 5C6F2C1A17555013CF1357E6 /* TranslationAPIClientTests.swift */; };
		BE1C6CDE62C3E40E35CE0CCA /* AppEnvironment.swift in Sources */ = {isa = PBXBuildFile; fileRef = 8A288C0F7C40840BCBFF5ECE /* AppEnvironment.swift */; };
		BFD787096E15C4F2405C1F8F /* ConversationModels.swift in Sources */ = {isa = PBXBuildFile; fileRef = F71A03736AC10A8493B95D3B /* ConversationModels.swift */; };
		D1E3D2413FC5BD93681C47AC /* HistoryStore.swift in Sources */ = {isa = PBXBuildFile; fileRef = 259EE47E31142DB594F41573 /* HistoryStore.swift */; };
		D5A7AC279DEC01E93AF51B9F /* MicButton.swift in Sources */ = {isa = PBXBuildFile; fileRef = 9CC8D329FA728D18D025D907 /* MicButton.swift */; };
		DE8502A6E8BADFFD3DE5FDF6 /* TranslationAPIClient.swift in Sources */ = {isa = PBXBuildFile; fileRef = 82F76387F352B5467BEB55DC /* TranslationAPIClient.swift */; };
		E030A59E2892AA62E98CB586 /* ConversationView.swift in Sources */ = {isa = PBXBuildFile; fileRef = 9549BA85E09D777108CEDB36 /* ConversationView.swift */; };
		E25E3C3E1479AA7B0A880FBE /* HistoryStoreTests.swift in Sources */ = {isa = PBXBuildFile; fileRef = CD259B9C52259D58CFA180F9 /* HistoryStoreTests.swift */; };
		E6D3DB89FCDBA0F2FE1B605B /* TranslateViewModelDebounceTests.swift in Sources */ = {isa = PBXBuildFile; fileRef = 07249A7F7459AA975E58A784 /* TranslateViewModelDebounceTests.swift */; };
		F309461DA7AF8EB04A8A73F5 /* ConsentSheetView.swift in Sources */ = {isa = PBXBuildFile; fileRef = 1E815D34057D5496AE8F8DB1 /* ConsentSheetView.swift */; };
		F37AAF181521ADBB09D093AC /* Language.swift in Sources */ = {isa = PBXBuildFile; fileRef = A145BC8045A18AE33D60B9D3 /* Language.swift */; };
/* End PBXBuildFile section */

/* Begin PBXContainerItemProxy section */
		AA15A3DEBB0E6F4A04556233 /* PBXContainerItemProxy */ = {
			isa = PBXContainerItemProxy;
			containerPortal = 336CA0FA56E4BAE02C6B633A /* Project object */;
			proxyType = 1;
			remoteGlobalIDString = 02D06605446E512DE9FA3B3D;
			remoteInfo = CharlesTranslator;
		};
/* End PBXContainerItemProxy section */

/* Begin PBXFileReference section */
		07249A7F7459AA975E58A784 /* TranslateViewModelDebounceTests.swift */ = {isa = PBXFileReference; lastKnownFileType = sourcecode.swift; path = TranslateViewModelDebounceTests.swift; sourceTree = "<group>"; };
		0CC33168C90916B22600DED9 /* SettingsView.swift */ = {isa = PBXFileReference; lastKnownFileType = sourcecode.swift; path = SettingsView.swift; sourceTree = "<group>"; };
		0F8F48A0DC551939B2A6647D /* HistoryView.swift */ = {isa = PBXFileReference; lastKnownFileType = sourcecode.swift; path = HistoryView.swift; sourceTree = "<group>"; };
		1E815D34057D5496AE8F8DB1 /* ConsentSheetView.swift */ = {isa = PBXFileReference; lastKnownFileType = sourcecode.swift; path = ConsentSheetView.swift; sourceTree = "<group>"; };
		1EE4EFB9A40AF8F40ABA3FEB /* Colors.swift */ = {isa = PBXFileReference; lastKnownFileType = sourcecode.swift; path = Colors.swift; sourceTree = "<group>"; };
		23854581CE8FA768087B25D1 /* CharlesTranslatorApp.swift */ = {isa = PBXFileReference; lastKnownFileType = sourcecode.swift; path = CharlesTranslatorApp.swift; sourceTree = "<group>"; };
		245CEACAE2F60DC33378153D /* LanguagePairCatalogTests.swift */ = {isa = PBXFileReference; lastKnownFileType = sourcecode.swift; path = LanguagePairCatalogTests.swift; sourceTree = "<group>"; };
		2557A100E46F770D868E08BC /* LanguagePairCatalog.swift */ = {isa = PBXFileReference; lastKnownFileType = sourcecode.swift; path = LanguagePairCatalog.swift; sourceTree = "<group>"; };
		259EE47E31142DB594F41573 /* HistoryStore.swift */ = {isa = PBXFileReference; lastKnownFileType = sourcecode.swift; path = HistoryStore.swift; sourceTree = "<group>"; };
		3974B02063F89F9F5C175790 /* Bundle+AppVersion.swift */ = {isa = PBXFileReference; lastKnownFileType = sourcecode.swift; path = "Bundle+AppVersion.swift"; sourceTree = "<group>"; };
		589E4E569A17D61D2452373B /* LanguagePillView.swift */ = {isa = PBXFileReference; lastKnownFileType = sourcecode.swift; path = LanguagePillView.swift; sourceTree = "<group>"; };
		5C6F2C1A17555013CF1357E6 /* TranslationAPIClientTests.swift */ = {isa = PBXFileReference; lastKnownFileType = sourcecode.swift; path = TranslationAPIClientTests.swift; sourceTree = "<group>"; };
		5D08D5E70F177CB7E31AA121 /* Mocks.swift */ = {isa = PBXFileReference; lastKnownFileType = sourcecode.swift; path = Mocks.swift; sourceTree = "<group>"; };
		5D2735C15E8F5AA37DD42F44 /* RootView.swift */ = {isa = PBXFileReference; lastKnownFileType = sourcecode.swift; path = RootView.swift; sourceTree = "<group>"; };
		5E3C96B6225233E62FBFAC92 /* TextToSpeechService.swift */ = {isa = PBXFileReference; lastKnownFileType = sourcecode.swift; path = TextToSpeechService.swift; sourceTree = "<group>"; };
		647E3508D98F594BC7613250 /* TranslateViewModel.swift */ = {isa = PBXFileReference; lastKnownFileType = sourcecode.swift; path = TranslateViewModel.swift; sourceTree = "<group>"; };
		65A41AFEF591F58CF4991F89 /* HistoryItem.swift */ = {isa = PBXFileReference; lastKnownFileType = sourcecode.swift; path = HistoryItem.swift; sourceTree = "<group>"; };
		665F32BA302662C300CF335F /* Charles Translator Icon.icon */ = {isa = PBXFileReference; lastKnownFileType = folder.iconcomposer.icon; name = "Charles Translator Icon.icon"; path = "CharlesTranslator/Resources/Charles Translator Icon.icon"; sourceTree = SOURCE_ROOT; };
		82F76387F352B5467BEB55DC /* TranslationAPIClient.swift */ = {isa = PBXFileReference; lastKnownFileType = sourcecode.swift; path = TranslationAPIClient.swift; sourceTree = "<group>"; };
		87BC4F729EADE8FF22F5979C /* LiveSpeechRecognitionService.swift */ = {isa = PBXFileReference; lastKnownFileType = sourcecode.swift; path = LiveSpeechRecognitionService.swift; sourceTree = "<group>"; };
		8A288C0F7C40840BCBFF5ECE /* AppEnvironment.swift */ = {isa = PBXFileReference; lastKnownFileType = sourcecode.swift; path = AppEnvironment.swift; sourceTree = "<group>"; };
		8C43705CC45FB64E5E1E7AD6 /* Localizable.xcstrings */ = {isa = PBXFileReference; lastKnownFileType = text.json.xcstrings; path = Localizable.xcstrings; sourceTree = "<group>"; };
		9549BA85E09D777108CEDB36 /* ConversationView.swift */ = {isa = PBXFileReference; lastKnownFileType = sourcecode.swift; path = ConversationView.swift; sourceTree = "<group>"; };
		9CC8D329FA728D18D025D907 /* MicButton.swift */ = {isa = PBXFileReference; lastKnownFileType = sourcecode.swift; path = MicButton.swift; sourceTree = "<group>"; };
		9EE68FA726D9318F22B189FC /* ConsentStore.swift */ = {isa = PBXFileReference; lastKnownFileType = sourcecode.swift; path = ConsentStore.swift; sourceTree = "<group>"; };
		A145BC8045A18AE33D60B9D3 /* Language.swift */ = {isa = PBXFileReference; lastKnownFileType = sourcecode.swift; path = Language.swift; sourceTree = "<group>"; };
		ADDBA1585C2D4D373930158D /* ConsentStoreTests.swift */ = {isa = PBXFileReference; lastKnownFileType = sourcecode.swift; path = ConsentStoreTests.swift; sourceTree = "<group>"; };
		C31501573918DB360CB2E8AF /* TranslationRequest.swift */ = {isa = PBXFileReference; lastKnownFileType = sourcecode.swift; path = TranslationRequest.swift; sourceTree = "<group>"; };
		CD1F03BBB4FB76BF6B87DA22 /* ConversationViewModel.swift */ = {isa = PBXFileReference; lastKnownFileType = sourcecode.swift; path = ConversationViewModel.swift; sourceTree = "<group>"; };
		CD259B9C52259D58CFA180F9 /* HistoryStoreTests.swift */ = {isa = PBXFileReference; lastKnownFileType = sourcecode.swift; path = HistoryStoreTests.swift; sourceTree = "<group>"; };
		D1FAFCD48E2EC205D9944EFC /* TranslateView.swift */ = {isa = PBXFileReference; lastKnownFileType = sourcecode.swift; path = TranslateView.swift; sourceTree = "<group>"; };
		E0C1E4D1EB932AA30B77CC6A /* Info.plist */ = {isa = PBXFileReference; lastKnownFileType = text.plist; path = Info.plist; sourceTree = "<group>"; };
		E38B2113192322382354079F /* LiveTranslationAPIClient.swift */ = {isa = PBXFileReference; lastKnownFileType = sourcecode.swift; path = LiveTranslationAPIClient.swift; sourceTree = "<group>"; };
		EFF829C304D7E3AE3E7EFCCF /* CharlesTranslatorTests.xctest */ = {isa = PBXFileReference; includeInIndex = 0; lastKnownFileType = wrapper.cfbundle; path = CharlesTranslatorTests.xctest; sourceTree = BUILT_PRODUCTS_DIR; };
		F0F18D9D51196CD222EEC18E /* SpeechRecognitionService.swift */ = {isa = PBXFileReference; lastKnownFileType = sourcecode.swift; path = SpeechRecognitionService.swift; sourceTree = "<group>"; };
		F51648D7003FF29335C2B9D7 /* Assets.xcassets */ = {isa = PBXFileReference; lastKnownFileType = folder.assetcatalog; path = Assets.xcassets; sourceTree = "<group>"; };
		F682F15F24A916E449AFEBC0 /* TranslationError.swift */ = {isa = PBXFileReference; lastKnownFileType = sourcecode.swift; path = TranslationError.swift; sourceTree = "<group>"; };
		F71A03736AC10A8493B95D3B /* ConversationModels.swift */ = {isa = PBXFileReference; lastKnownFileType = sourcecode.swift; path = ConversationModels.swift; sourceTree = "<group>"; };
		F9B5360DD533B560E60C3224 /* CharlesTranslator.app */ = {isa = PBXFileReference; explicitFileType = wrapper.application; includeInIndex = 0; path = CharlesTranslator.app; sourceTree = BUILT_PRODUCTS_DIR; };
/* End PBXFileReference section */

/* Begin PBXGroup section */
		26EAAB06E773B00FF3D825E5 /* Consent */ = {
			isa = PBXGroup;
			children = (
				9EE68FA726D9318F22B189FC /* ConsentStore.swift */,
			);
			path = Consent;
			sourceTree = "<group>";
		};
		2DE3512CA63E8E217BA7CE24 /* CharlesTranslator */ = {
			isa = PBXGroup;
			children = (
				E0C1E4D1EB932AA30B77CC6A /* Info.plist */,
				B4BDB3E2834DEAC821FB17AD /* App */,
				39A7B9C478B8FC5107F1C1EC /* DesignSystem */,
				800EE700C314D409544E1AFE /* Features */,
				C36BA5E8DBA40BC96484D83C /* Models */,
				88C14C1B3F2571A6B641E5F7 /* Resources */,
				AAFCCC4AFB1F417BC56A3FAE /* Services */,
			);
			path = CharlesTranslator;
			sourceTree = "<group>";
		};
		384A6A34D15E0142BE161DFD /* Conversation */ = {
			isa = PBXGroup;
			children = (
				F71A03736AC10A8493B95D3B /* ConversationModels.swift */,
				9549BA85E09D777108CEDB36 /* ConversationView.swift */,
				CD1F03BBB4FB76BF6B87DA22 /* ConversationViewModel.swift */,
			);
			path = Conversation;
			sourceTree = "<group>";
		};
		39A7B9C478B8FC5107F1C1EC /* DesignSystem */ = {
			isa = PBXGroup;
			children = (
				1EE4EFB9A40AF8F40ABA3FEB /* Colors.swift */,
			);
			path = DesignSystem;
			sourceTree = "<group>";
		};
		3BA299382BD50825B450295B /* Components */ = {
			isa = PBXGroup;
			children = (
				589E4E569A17D61D2452373B /* LanguagePillView.swift */,
				9CC8D329FA728D18D025D907 /* MicButton.swift */,
			);
			path = Components;
			sourceTree = "<group>";
		};
		49B00A4FA897248B9D173967 /* CharlesTranslatorTests */ = {
			isa = PBXGroup;
			children = (
				ADDBA1585C2D4D373930158D /* ConsentStoreTests.swift */,
				CD259B9C52259D58CFA180F9 /* HistoryStoreTests.swift */,
				245CEACAE2F60DC33378153D /* LanguagePairCatalogTests.swift */,
				5D08D5E70F177CB7E31AA121 /* Mocks.swift */,
				07249A7F7459AA975E58A784 /* TranslateViewModelDebounceTests.swift */,
				5C6F2C1A17555013CF1357E6 /* TranslationAPIClientTests.swift */,
			);
			path = CharlesTranslatorTests;
			sourceTree = "<group>";
		};
		510F528BD231A5D2C1E47C7E /* History */ = {
			isa = PBXGroup;
			children = (
				0F8F48A0DC551939B2A6647D /* HistoryView.swift */,
			);
			path = History;
			sourceTree = "<group>";
		};
		52D364933CC77BCE76EE8D3E /* Persistence */ = {
			isa = PBXGroup;
			children = (
				259EE47E31142DB594F41573 /* HistoryStore.swift */,
			);
			path = Persistence;
			sourceTree = "<group>";
		};
		5E1B61EF2E9AB4338A9B5207 /* Translate */ = {
			isa = PBXGroup;
			children = (
				D1FAFCD48E2EC205D9944EFC /* TranslateView.swift */,
				647E3508D98F594BC7613250 /* TranslateViewModel.swift */,
				3BA299382BD50825B450295B /* Components */,
			);
			path = Translate;
			sourceTree = "<group>";
		};
		67EA6081FCFC30F7E1045AED /* Products */ = {
			isa = PBXGroup;
			children = (
				F9B5360DD533B560E60C3224 /* CharlesTranslator.app */,
				EFF829C304D7E3AE3E7EFCCF /* CharlesTranslatorTests.xctest */,
			);
			name = Products;
			sourceTree = "<group>";
		};
		800EE700C314D409544E1AFE /* Features */ = {
			isa = PBXGroup;
			children = (
				384A6A34D15E0142BE161DFD /* Conversation */,
				510F528BD231A5D2C1E47C7E /* History */,
				8C56A585FDB225BE32D56F65 /* Onboarding */,
				EA4FA50CC1359B85FC46EB24 /* Settings */,
				5E1B61EF2E9AB4338A9B5207 /* Translate */,
			);
			path = Features;
			sourceTree = "<group>";
		};
		88C14C1B3F2571A6B641E5F7 /* Resources */ = {
			isa = PBXGroup;
			children = (
				F51648D7003FF29335C2B9D7 /* Assets.xcassets */,
				8C43705CC45FB64E5E1E7AD6 /* Localizable.xcstrings */,
				665F32BA302662C300CF335F /* Charles Translator Icon.icon */,
			);
			path = Resources;
			sourceTree = "<group>";
		};
		8C56A585FDB225BE32D56F65 /* Onboarding */ = {
			isa = PBXGroup;
			children = (
				1E815D34057D5496AE8F8DB1 /* ConsentSheetView.swift */,
			);
			path = Onboarding;
			sourceTree = "<group>";
		};
		AAFCCC4AFB1F417BC56A3FAE /* Services */ = {
			isa = PBXGroup;
			children = (
				26EAAB06E773B00FF3D825E5 /* Consent */,
				52D364933CC77BCE76EE8D3E /* Persistence */,
				EAA48F525565EB36AAB0F13A /* Speech */,
				AE3346D9B9D1CCA0378148FB /* Translation */,
			);
			path = Services;
			sourceTree = "<group>";
		};
		AE3346D9B9D1CCA0378148FB /* Translation */ = {
			isa = PBXGroup;
			children = (
				E38B2113192322382354079F /* LiveTranslationAPIClient.swift */,
				82F76387F352B5467BEB55DC /* TranslationAPIClient.swift */,
			);
			path = Translation;
			sourceTree = "<group>";
		};
		B2A2ACA391AF37E79CA641F5 = {
			isa = PBXGroup;
			children = (
				2DE3512CA63E8E217BA7CE24 /* CharlesTranslator */,
				49B00A4FA897248B9D173967 /* CharlesTranslatorTests */,
				67EA6081FCFC30F7E1045AED /* Products */,
			);
			sourceTree = "<group>";
		};
		B4BDB3E2834DEAC821FB17AD /* App */ = {
			isa = PBXGroup;
			children = (
				8A288C0F7C40840BCBFF5ECE /* AppEnvironment.swift */,
				3974B02063F89F9F5C175790 /* Bundle+AppVersion.swift */,
				23854581CE8FA768087B25D1 /* CharlesTranslatorApp.swift */,
				5D2735C15E8F5AA37DD42F44 /* RootView.swift */,
			);
			path = App;
			sourceTree = "<group>";
		};
		C36BA5E8DBA40BC96484D83C /* Models */ = {
			isa = PBXGroup;
			children = (
				65A41AFEF591F58CF4991F89 /* HistoryItem.swift */,
				A145BC8045A18AE33D60B9D3 /* Language.swift */,
				2557A100E46F770D868E08BC /* LanguagePairCatalog.swift */,
				F682F15F24A916E449AFEBC0 /* TranslationError.swift */,
				C31501573918DB360CB2E8AF /* TranslationRequest.swift */,
			);
			path = Models;
			sourceTree = "<group>";
		};
		EA4FA50CC1359B85FC46EB24 /* Settings */ = {
			isa = PBXGroup;
			children = (
				0CC33168C90916B22600DED9 /* SettingsView.swift */,
			);
			path = Settings;
			sourceTree = "<group>";
		};
		EAA48F525565EB36AAB0F13A /* Speech */ = {
			isa = PBXGroup;
			children = (
				87BC4F729EADE8FF22F5979C /* LiveSpeechRecognitionService.swift */,
				F0F18D9D51196CD222EEC18E /* SpeechRecognitionService.swift */,
				5E3C96B6225233E62FBFAC92 /* TextToSpeechService.swift */,
			);
			path = Speech;
			sourceTree = "<group>";
		};
/* End PBXGroup section */

/* Begin PBXNativeTarget section */
		02D06605446E512DE9FA3B3D /* CharlesTranslator */ = {
			isa = PBXNativeTarget;
			buildConfigurationList = 568EB3EC80ACAA6E6E3F4B43 /* Build configuration list for PBXNativeTarget "CharlesTranslator" */;
			buildPhases = (
				C1818C8BEE4489378D5FC652 /* Sources */,
				C42E6F2FAA53850627EB041C /* Resources */,
			);
			buildRules = (
			);
			dependencies = (
			);
			name = CharlesTranslator;
			packageProductDependencies = (
			);
			productName = CharlesTranslator;
			productReference = F9B5360DD533B560E60C3224 /* CharlesTranslator.app */;
			productType = "com.apple.product-type.application";
		};
		EA91BC8777668B56A1BF75FA /* CharlesTranslatorTests */ = {
			isa = PBXNativeTarget;
			buildConfigurationList = 41B0B943146C4319FB0E2490 /* Build configuration list for PBXNativeTarget "CharlesTranslatorTests" */;
			buildPhases = (
				40B87AC5D4A1E793FC4E6F88 /* Sources */,
			);
			buildRules = (
			);
			dependencies = (
				645D4E227DBB112E39A13A59 /* PBXTargetDependency */,
			);
			name = CharlesTranslatorTests;
			packageProductDependencies = (
			);
			productName = CharlesTranslatorTests;
			productReference = EFF829C304D7E3AE3E7EFCCF /* CharlesTranslatorTests.xctest */;
			productType = "com.apple.product-type.bundle.unit-test";
		};
/* End PBXNativeTarget section */

/* Begin PBXProject section */
		336CA0FA56E4BAE02C6B633A /* Project object */ = {
			isa = PBXProject;
			attributes = {
				BuildIndependentTargetsInParallel = YES;
				LastUpgradeCheck = 1430;
				TargetAttributes = {
					02D06605446E512DE9FA3B3D = {
						DevelopmentTeam = 8YW3ZU8MFU;
					};
					EA91BC8777668B56A1BF75FA = {
						DevelopmentTeam = 8YW3ZU8MFU;
					};
				};
			};
			buildConfigurationList = 5DB91CFA151D4F911B408135 /* Build configuration list for PBXProject "CharlesTranslator" */;
			developmentRegion = en;
			hasScannedForEncodings = 0;
			knownRegions = (
				Base,
				en,
			);
			mainGroup = B2A2ACA391AF37E79CA641F5;
			minimizedProjectReferenceProxies = 1;
			preferredProjectObjectVersion = 77;
			productRefGroup = 67EA6081FCFC30F7E1045AED /* Products */;
			projectDirPath = "";
			projectRoot = "";
			targets = (
				02D06605446E512DE9FA3B3D /* CharlesTranslator */,
				EA91BC8777668B56A1BF75FA /* CharlesTranslatorTests */,
			);
		};
/* End PBXProject section */

/* Begin PBXResourcesBuildPhase section */
		C42E6F2FAA53850627EB041C /* Resources */ = {
			isa = PBXResourcesBuildPhase;
			buildActionMask = 2147483647;
			files = (
				91FA6A4F1A5D568F13077E7D /* Assets.xcassets in Resources */,
				665F32BB302662C300CF335F /* Charles Translator Icon.icon in Resources */,
				AB6DB6392666BB68A408DA20 /* Localizable.xcstrings in Resources */,
			);
			runOnlyForDeploymentPostprocessing = 0;
		};
/* End PBXResourcesBuildPhase section */

/* Begin PBXSourcesBuildPhase section */
		40B87AC5D4A1E793FC4E6F88 /* Sources */ = {
			isa = PBXSourcesBuildPhase;
			buildActionMask = 2147483647;
			files = (
				1184410270497671BAEB66AC /* ConsentStoreTests.swift in Sources */,
				E25E3C3E1479AA7B0A880FBE /* HistoryStoreTests.swift in Sources */,
				3AD8223A597C8F93E21D0033 /* LanguagePairCatalogTests.swift in Sources */,
				833224E79ED800752EC427EA /* Mocks.swift in Sources */,
				E6D3DB89FCDBA0F2FE1B605B /* TranslateViewModelDebounceTests.swift in Sources */,
				BAFB0262FBA116F26D753B9F /* TranslationAPIClientTests.swift in Sources */,
			);
			runOnlyForDeploymentPostprocessing = 0;
		};
		C1818C8BEE4489378D5FC652 /* Sources */ = {
			isa = PBXSourcesBuildPhase;
			buildActionMask = 2147483647;
			files = (
				BE1C6CDE62C3E40E35CE0CCA /* AppEnvironment.swift in Sources */,
				0A85649C3597C6939DB5D5D3 /* Bundle+AppVersion.swift in Sources */,
				527E306465DBFAC7C277A5BF /* CharlesTranslatorApp.swift in Sources */,
				9F0B6E0C55F8743C57CF7168 /* Colors.swift in Sources */,
				F309461DA7AF8EB04A8A73F5 /* ConsentSheetView.swift in Sources */,
				99237964B8F0A14D2E085A8C /* ConsentStore.swift in Sources */,
				BFD787096E15C4F2405C1F8F /* ConversationModels.swift in Sources */,
				E030A59E2892AA62E98CB586 /* ConversationView.swift in Sources */,
				0CE60117FD5132C0CCB463EB /* ConversationViewModel.swift in Sources */,
				4A05398608881CF1B27BB7EE /* HistoryItem.swift in Sources */,
				D1E3D2413FC5BD93681C47AC /* HistoryStore.swift in Sources */,
				316F533FE8AE56F4506F06CE /* HistoryView.swift in Sources */,
				F37AAF181521ADBB09D093AC /* Language.swift in Sources */,
				96C264FC58D7118C60008A49 /* LanguagePairCatalog.swift in Sources */,
				47D5BDB089BF315A83C250DD /* LanguagePillView.swift in Sources */,
				9684BBB06C5C451497CE8BF6 /* LiveSpeechRecognitionService.swift in Sources */,
				8E004126978934B20770C2FA /* LiveTranslationAPIClient.swift in Sources */,
				D5A7AC279DEC01E93AF51B9F /* MicButton.swift in Sources */,
				9272118CC00706901DF4EE94 /* RootView.swift in Sources */,
				ACF7B7D43922B77F20E5E770 /* SettingsView.swift in Sources */,
				4565D5741427F001D24C014B /* SpeechRecognitionService.swift in Sources */,
				8DEC6C13A76AAE3E5286D13F /* TextToSpeechService.swift in Sources */,
				6440AD27F96D67BEEBF048CC /* TranslateView.swift in Sources */,
				97537606FC1E1D5B403DE1AE /* TranslateViewModel.swift in Sources */,
				DE8502A6E8BADFFD3DE5FDF6 /* TranslationAPIClient.swift in Sources */,
				9C7E723328EC06671CEFEECA /* TranslationError.swift in Sources */,
				6BB8F42166F06C45B9AB0F7D /* TranslationRequest.swift in Sources */,
			);
			runOnlyForDeploymentPostprocessing = 0;
		};
/* End PBXSourcesBuildPhase section */

/* Begin PBXTargetDependency section */
		645D4E227DBB112E39A13A59 /* PBXTargetDependency */ = {
			isa = PBXTargetDependency;
			target = 02D06605446E512DE9FA3B3D /* CharlesTranslator */;
			targetProxy = AA15A3DEBB0E6F4A04556233 /* PBXContainerItemProxy */;
		};
/* End PBXTargetDependency section */

/* Begin XCBuildConfiguration section */
		133026A132421FEF09997AD6 /* Release */ = {
			isa = XCBuildConfiguration;
			buildSettings = {
				ALWAYS_SEARCH_USER_PATHS = NO;
				ASSETCATALOG_COMPILER_GLOBAL_ACCENT_COLOR_NAME = AccentColor;
				CLANG_ANALYZER_NONNULL = YES;
				CLANG_ANALYZER_NUMBER_OBJECT_CONVERSION = YES_AGGRESSIVE;
				CLANG_CXX_LANGUAGE_STANDARD = "gnu++14";
				CLANG_CXX_LIBRARY = "libc++";
				CLANG_ENABLE_MODULES = YES;
				CLANG_ENABLE_OBJC_ARC = YES;
				CLANG_ENABLE_OBJC_WEAK = YES;
				CLANG_WARN_BLOCK_CAPTURE_AUTORELEASING = YES;
				CLANG_WARN_BOOL_CONVERSION = YES;
				CLANG_WARN_COMMA = YES;
				CLANG_WARN_CONSTANT_CONVERSION = YES;
				CLANG_WARN_DEPRECATED_OBJC_IMPLEMENTATIONS = YES;
				CLANG_WARN_DIRECT_OBJC_ISA_USAGE = YES_ERROR;
				CLANG_WARN_DOCUMENTATION_COMMENTS = YES;
				CLANG_WARN_EMPTY_BODY = YES;
				CLANG_WARN_ENUM_CONVERSION = YES;
				CLANG_WARN_INFINITE_RECURSION = YES;
				CLANG_WARN_INT_CONVERSION = YES;
				CLANG_WARN_NON_LITERAL_NULL_CONVERSION = YES;
				CLANG_WARN_OBJC_IMPLICIT_RETAIN_SELF = YES;
				CLANG_WARN_OBJC_LITERAL_CONVERSION = YES;
				CLANG_WARN_OBJC_ROOT_CLASS = YES_ERROR;
				CLANG_WARN_QUOTED_INCLUDE_IN_FRAMEWORK_HEADER = YES;
				CLANG_WARN_RANGE_LOOP_ANALYSIS = YES;
				CLANG_WARN_STRICT_PROTOTYPES = YES;
				CLANG_WARN_SUSPICIOUS_MOVE = YES;
				CLANG_WARN_UNGUARDED_AVAILABILITY = YES_AGGRESSIVE;
				CLANG_WARN_UNREACHABLE_CODE = YES;
				CLANG_WARN__DUPLICATE_METHOD_MATCH = YES;
				COPY_PHASE_STRIP = NO;
				CURRENT_PROJECT_VERSION = 1;
				DEBUG_INFORMATION_FORMAT = "dwarf-with-dsym";
				ENABLE_NS_ASSERTIONS = NO;
				ENABLE_STRICT_OBJC_MSGSEND = YES;
				GCC_C_LANGUAGE_STANDARD = gnu11;
				GCC_NO_COMMON_BLOCKS = YES;
				GCC_WARN_64_TO_32_BIT_CONVERSION = YES;
				GCC_WARN_ABOUT_RETURN_TYPE = YES_ERROR;
				GCC_WARN_UNDECLARED_SELECTOR = YES;
				GCC_WARN_UNINITIALIZED_AUTOS = YES_AGGRESSIVE;
				GCC_WARN_UNUSED_FUNCTION = YES;
				GCC_WARN_UNUSED_VARIABLE = YES;
				IPHONEOS_DEPLOYMENT_TARGET = 26.0;
				MARKETING_VERSION = 1.0;
				MTL_ENABLE_DEBUG_INFO = NO;
				MTL_FAST_MATH = YES;
				PRODUCT_NAME = "$(TARGET_NAME)";
				SDKROOT = iphoneos;
				SWIFT_COMPILATION_MODE = wholemodule;
				SWIFT_OPTIMIZATION_LEVEL = "-O";
				SWIFT_STRICT_CONCURRENCY = complete;
				SWIFT_VERSION = 6.0;
			};
			name = Release;
		};
		3471A41A000FE37CA6E1F9FA /* Release */ = {
			isa = XCBuildConfiguration;
			buildSettings = {
				BUNDLE_LOADER = "$(TEST_HOST)";
				DEVELOPMENT_TEAM = 8YW3ZU8MFU;
				GENERATE_INFOPLIST_FILE = YES;
				IPHONEOS_DEPLOYMENT_TARGET = 26.0;
				LD_RUNPATH_SEARCH_PATHS = (
					"$(inherited)",
					"@executable_path/Frameworks",
					"@loader_path/Frameworks",
				);
				PRODUCT_BUNDLE_IDENTIFIER = cz.cuni.mff.ufal.CharlesTranslatorTests;
				SDKROOT = iphoneos;
				TARGETED_DEVICE_FAMILY = "1,2";
				TEST_HOST = "$(BUILT_PRODUCTS_DIR)/CharlesTranslator.app/CharlesTranslator";
			};
			name = Release;
		};
		37047992B7F76EF4CD2E6E04 /* Debug */ = {
			isa = XCBuildConfiguration;
			buildSettings = {
				ALWAYS_SEARCH_USER_PATHS = NO;
				ASSETCATALOG_COMPILER_GLOBAL_ACCENT_COLOR_NAME = AccentColor;
				CLANG_ANALYZER_NONNULL = YES;
				CLANG_ANALYZER_NUMBER_OBJECT_CONVERSION = YES_AGGRESSIVE;
				CLANG_CXX_LANGUAGE_STANDARD = "gnu++14";
				CLANG_CXX_LIBRARY = "libc++";
				CLANG_ENABLE_MODULES = YES;
				CLANG_ENABLE_OBJC_ARC = YES;
				CLANG_ENABLE_OBJC_WEAK = YES;
				CLANG_WARN_BLOCK_CAPTURE_AUTORELEASING = YES;
				CLANG_WARN_BOOL_CONVERSION = YES;
				CLANG_WARN_COMMA = YES;
				CLANG_WARN_CONSTANT_CONVERSION = YES;
				CLANG_WARN_DEPRECATED_OBJC_IMPLEMENTATIONS = YES;
				CLANG_WARN_DIRECT_OBJC_ISA_USAGE = YES_ERROR;
				CLANG_WARN_DOCUMENTATION_COMMENTS = YES;
				CLANG_WARN_EMPTY_BODY = YES;
				CLANG_WARN_ENUM_CONVERSION = YES;
				CLANG_WARN_INFINITE_RECURSION = YES;
				CLANG_WARN_INT_CONVERSION = YES;
				CLANG_WARN_NON_LITERAL_NULL_CONVERSION = YES;
				CLANG_WARN_OBJC_IMPLICIT_RETAIN_SELF = YES;
				CLANG_WARN_OBJC_LITERAL_CONVERSION = YES;
				CLANG_WARN_OBJC_ROOT_CLASS = YES_ERROR;
				CLANG_WARN_QUOTED_INCLUDE_IN_FRAMEWORK_HEADER = YES;
				CLANG_WARN_RANGE_LOOP_ANALYSIS = YES;
				CLANG_WARN_STRICT_PROTOTYPES = YES;
				CLANG_WARN_SUSPICIOUS_MOVE = YES;
				CLANG_WARN_UNGUARDED_AVAILABILITY = YES_AGGRESSIVE;
				CLANG_WARN_UNREACHABLE_CODE = YES;
				CLANG_WARN__DUPLICATE_METHOD_MATCH = YES;
				COPY_PHASE_STRIP = NO;
				CURRENT_PROJECT_VERSION = 1;
				DEBUG_INFORMATION_FORMAT = dwarf;
				ENABLE_STRICT_OBJC_MSGSEND = YES;
				ENABLE_TESTABILITY = YES;
				GCC_C_LANGUAGE_STANDARD = gnu11;
				GCC_DYNAMIC_NO_PIC = NO;
				GCC_NO_COMMON_BLOCKS = YES;
				GCC_OPTIMIZATION_LEVEL = 0;
				GCC_PREPROCESSOR_DEFINITIONS = (
					"$(inherited)",
					"DEBUG=1",
				);
				GCC_WARN_64_TO_32_BIT_CONVERSION = YES;
				GCC_WARN_ABOUT_RETURN_TYPE = YES_ERROR;
				GCC_WARN_UNDECLARED_SELECTOR = YES;
				GCC_WARN_UNINITIALIZED_AUTOS = YES_AGGRESSIVE;
				GCC_WARN_UNUSED_FUNCTION = YES;
				GCC_WARN_UNUSED_VARIABLE = YES;
				IPHONEOS_DEPLOYMENT_TARGET = 26.0;
				MARKETING_VERSION = 1.0;
				MTL_ENABLE_DEBUG_INFO = INCLUDE_SOURCE;
				MTL_FAST_MATH = YES;
				ONLY_ACTIVE_ARCH = YES;
				PRODUCT_NAME = "$(TARGET_NAME)";
				SDKROOT = iphoneos;
				SWIFT_ACTIVE_COMPILATION_CONDITIONS = DEBUG;
				SWIFT_OPTIMIZATION_LEVEL = "-Onone";
				SWIFT_STRICT_CONCURRENCY = complete;
				SWIFT_VERSION = 6.0;
			};
			name = Debug;
		};
		4A920A9601492E3710178C8C /* Debug */ = {
			isa = XCBuildConfiguration;
			buildSettings = {
				BUNDLE_LOADER = "$(TEST_HOST)";
				DEVELOPMENT_TEAM = 8YW3ZU8MFU;
				GENERATE_INFOPLIST_FILE = YES;
				IPHONEOS_DEPLOYMENT_TARGET = 26.0;
				LD_RUNPATH_SEARCH_PATHS = (
					"$(inherited)",
					"@executable_path/Frameworks",
					"@loader_path/Frameworks",
				);
				PRODUCT_BUNDLE_IDENTIFIER = cz.cuni.mff.ufal.CharlesTranslatorTests;
				SDKROOT = iphoneos;
				TARGETED_DEVICE_FAMILY = "1,2";
				TEST_HOST = "$(BUILT_PRODUCTS_DIR)/CharlesTranslator.app/CharlesTranslator";
			};
			name = Debug;
		};
		9D28A608B9E2EC98255316AC /* Release */ = {
			isa = XCBuildConfiguration;
			buildSettings = {
				ASSETCATALOG_COMPILER_APPICON_NAME = "Charles Translator Icon";
				CODE_SIGN_IDENTITY = "iPhone Developer";
				DEVELOPMENT_ASSET_PATHS = "";
				DEVELOPMENT_TEAM = 8YW3ZU8MFU;
				INFOPLIST_FILE = CharlesTranslator/Info.plist;
				IPHONEOS_DEPLOYMENT_TARGET = 26.0;
				LD_RUNPATH_SEARCH_PATHS = (
					"$(inherited)",
					"@executable_path/Frameworks",
				);
				PRODUCT_BUNDLE_IDENTIFIER = cz.cuni.mff.ufal.translator.ios;
				SDKROOT = iphoneos;
				TARGETED_DEVICE_FAMILY = "1,2";
			};
			name = Release;
		};
		DED38C375A05FC5DDFF4EDCF /* Debug */ = {
			isa = XCBuildConfiguration;
			buildSettings = {
				ASSETCATALOG_COMPILER_APPICON_NAME = "Charles Translator Icon";
				CODE_SIGN_IDENTITY = "iPhone Developer";
				DEVELOPMENT_ASSET_PATHS = "";
				DEVELOPMENT_TEAM = 8YW3ZU8MFU;
				INFOPLIST_FILE = CharlesTranslator/Info.plist;
				IPHONEOS_DEPLOYMENT_TARGET = 26.0;
				LD_RUNPATH_SEARCH_PATHS = (
					"$(inherited)",
					"@executable_path/Frameworks",
				);
				PRODUCT_BUNDLE_IDENTIFIER = cz.cuni.mff.ufal.translator.ios;
				SDKROOT = iphoneos;
				TARGETED_DEVICE_FAMILY = "1,2";
			};
			name = Debug;
		};
/* End XCBuildConfiguration section */

/* Begin XCConfigurationList section */
		41B0B943146C4319FB0E2490 /* Build configuration list for PBXNativeTarget "CharlesTranslatorTests" */ = {
			isa = XCConfigurationList;
			buildConfigurations = (
				4A920A9601492E3710178C8C /* Debug */,
				3471A41A000FE37CA6E1F9FA /* Release */,
			);
			defaultConfigurationIsVisible = 0;
			defaultConfigurationName = Debug;
		};
		568EB3EC80ACAA6E6E3F4B43 /* Build configuration list for PBXNativeTarget "CharlesTranslator" */ = {
			isa = XCConfigurationList;
			buildConfigurations = (
				DED38C375A05FC5DDFF4EDCF /* Debug */,
				9D28A608B9E2EC98255316AC /* Release */,
			);
			defaultConfigurationIsVisible = 0;
			defaultConfigurationName = Debug;
		};
		5DB91CFA151D4F911B408135 /* Build configuration list for PBXProject "CharlesTranslator" */ = {
			isa = XCConfigurationList;
			buildConfigurations = (
				37047992B7F76EF4CD2E6E04 /* Debug */,
				133026A132421FEF09997AD6 /* Release */,
			);
			defaultConfigurationIsVisible = 0;
			defaultConfigurationName = Debug;
		};
/* End XCConfigurationList section */
	};
	rootObject = 336CA0FA56E4BAE02C6B633A /* Project object */;
}
